
Microsoft Visual Studio Solution File, Format Version 12.00
# Visual Studio Version 16
VisualStudioVersion = 16.0.31019.35
MinimumVisualStudioVersion = 10.0.40219.1
Project("{FAE04EC0-301F-11D3-BF4B-00C04F79EFBC}") = "WindowsFormsApp1", "WindowsFormsApp1.csproj", "{03A62054-BDB5-46A8-B07C-5969AE1DDFDF}"
EndProject
Global
	GlobalSection(SolutionConfigurationPlatforms) = preSolution
		Debug|Any CPU = Debug|Any CPU
		Release|Any CPU = Release|Any CPU
	EndGlobalSection
	GlobalSection(ProjectConfigurationPlatforms) = postSolution
		{03A62054-BDB5-46A8-B07C-5969AE1DDFDF}.Debug|Any CPU.ActiveCfg = Debug|Any CPU
		{03A62054-BDB5-46A8-B07C-5969AE1DDFDF}.Debug|Any CPU.Build.0 = Debug|Any CPU
		{03A62054-BDB5-46A8-B07C-5969AE1DDFDF}.Release|Any CPU.ActiveCfg = Release|Any CPU
		{03A62054-BDB5-46A8-B07C-5969AE1DDFDF}.Release|Any CPU.Build.0 = Release|Any CPU
	EndGlobalSection
	GlobalSection(SolutionProperties) = preSolution
		HideSolutionNode = FALSE
	EndGlobalSection
	GlobalSection(ExtensibilityGlobals) = postSolution
		SolutionGuid = {4C56F36A-EC44-4FFE-987C-0BE4CF6C400E}
	EndGlobalSection
EndGlobal
